
Microsoft Visual Studio Solution File, Format Version 12.00
# Visual Studio Version 16
VisualStudioVersion = 16.0.30204.135
MinimumVisualStudioVersion = 10.0.40219.1
Project("{FAE04EC0-301F-11D3-BF4B-00C04F79EFBC}") = "UFO Sightings Console", "UFO Sightings Console\UFO Sightings Console.csproj", "{197C7FAD-4C9B-4F66-B711-1ADC224A8376}"
EndProject
Global
	GlobalSection(SolutionConfigurationPlatforms) = preSolution
		Debug|Any CPU = Debug|Any CPU
		Release|Any CPU = Release|Any CPU
	EndGlobalSection
	GlobalSection(ProjectConfigurationPlatforms) = postSolution
		{197C7FAD-4C9B-4F66-B711-1ADC224A8376}.Debug|Any CPU.ActiveCfg = Debug|Any CPU
		{197C7FAD-4C9B-4F66-B711-1ADC224A8376}.Debug|Any CPU.Build.0 = Debug|Any CPU
		{197C7FAD-4C9B-4F66-B711-1ADC224A8376}.Release|Any CPU.ActiveCfg = Release|Any CPU
		{197C7FAD-4C9B-4F66-B711-1ADC224A8376}.Release|Any CPU.Build.0 = Release|Any CPU
	EndGlobalSection
	GlobalSection(SolutionProperties) = preSolution
		HideSolutionNode = FALSE
	EndGlobalSection
	GlobalSection(ExtensibilityGlobals) = postSolution
		SolutionGuid = {C3B3AF5A-1FB1-4DC0-9E27-E8CD01CFD743}
	EndGlobalSection
EndGlobal
